
Microsoft Visual Studio Solution File, Format Version 12.00
# Visual Studio Version 17
VisualStudioVersion = 17.7.34202.233
MinimumVisualStudioVersion = 10.0.40219.1
Project("{FAE04EC0-301F-11D3-BF4B-00C04F79EFBC}") = "FibonacciAlgorithm", "FibonacciAlgorithm.csproj", "{8DC05E27-B6E2-4963-BBEE-4F6A22EDF34B}"
EndProject
Global
	GlobalSection(SolutionConfigurationPlatforms) = preSolution
		Debug|Any CPU = Debug|Any CPU
		Release|Any CPU = Release|Any CPU
	EndGlobalSection
	GlobalSection(ProjectConfigurationPlatforms) = postSolution
		{8DC05E27-B6E2-4963-BBEE-4F6A22EDF34B}.Debug|Any CPU.ActiveCfg = Debug|Any CPU
		{8DC05E27-B6E2-4963-BBEE-4F6A22EDF34B}.Debug|Any CPU.Build.0 = Debug|Any CPU
		{8DC05E27-B6E2-4963-BBEE-4F6A22EDF34B}.Release|Any CPU.ActiveCfg = Release|Any CPU
		{8DC05E27-B6E2-4963-BBEE-4F6A22EDF34B}.Release|Any CPU.Build.0 = Release|Any CPU
	EndGlobalSection
	GlobalSection(SolutionProperties) = preSolution
		HideSolutionNode = FALSE
	EndGlobalSection
	GlobalSection(ExtensibilityGlobals) = postSolution
		SolutionGuid = {99EECE88-4E79-49EF-9981-670CFE6CC9FF}
	EndGlobalSection
EndGlobal
