
Microsoft Visual Studio Solution File, Format Version 12.00
# Visual Studio Version 17
VisualStudioVersion = 17.7.34202.233
MinimumVisualStudioVersion = 10.0.40219.1
Project("{FAE04EC0-301F-11D3-BF4B-00C04F79EFBC}") = "OrganizedList", "OrganizedList.csproj", "{08A03D55-4E28-44CC-AF9F-7BA3B9B9EBD3}"
EndProject
Global
	GlobalSection(SolutionConfigurationPlatforms) = preSolution
		Debug|Any CPU = Debug|Any CPU
		Release|Any CPU = Release|Any CPU
	EndGlobalSection
	GlobalSection(ProjectConfigurationPlatforms) = postSolution
		{08A03D55-4E28-44CC-AF9F-7BA3B9B9EBD3}.Debug|Any CPU.ActiveCfg = Debug|Any CPU
		{08A03D55-4E28-44CC-AF9F-7BA3B9B9EBD3}.Debug|Any CPU.Build.0 = Debug|Any CPU
		{08A03D55-4E28-44CC-AF9F-7BA3B9B9EBD3}.Release|Any CPU.ActiveCfg = Release|Any CPU
		{08A03D55-4E28-44CC-AF9F-7BA3B9B9EBD3}.Release|Any CPU.Build.0 = Release|Any CPU
	EndGlobalSection
	GlobalSection(SolutionProperties) = preSolution
		HideSolutionNode = FALSE
	EndGlobalSection
	GlobalSection(ExtensibilityGlobals) = postSolution
		SolutionGuid = {3902BBB3-EB27-4643-AAFA-50726B9E3898}
	EndGlobalSection
EndGlobal
